# THIS IS AN AUTOGENERATED FILE. DO NOT EDIT THIS FILE DIRECTLY.
# yarn lockfile v1


"@microsoft/applicationinsights-analytics-js@2.5.11":
  version "2.5.11"
  resolved "https://registry.yarnpkg.com/@microsoft/applicationinsights-analytics-js/-/applicationinsights-analytics-js-2.5.11.tgz#839412452cd4b1826f0a9321a2e348d6a8c086b7"
  integrity sha512-Ug5p/BOpA5hx3Hhsaw+BPXZ6sKsvYrkqK35M8jKRGS/ZVbrqePy+4C8zBimqJKYX7PLXwLoFl803b8hc1i8KVA==
  dependencies:
    "@microsoft/applicationinsights-common" "2.5.11"
    "@microsoft/applicationinsights-core-js" "2.5.11"
    "@microsoft/applicationinsights-shims" "1.0.3"
    "@microsoft/dynamicproto-js" "^1.1.0"

"@microsoft/applicationinsights-channel-js@2.5.11":
  version "2.5.11"
  resolved "https://registry.yarnpkg.com/@microsoft/applicationinsights-channel-js/-/applicationinsights-channel-js-2.5.11.tgz#ab26a04b29696ff15537401db00e28f1193397ed"
  integrity sha512-jKQ03ZwJ1/i4kkFTFG5jfv0AxOeS9VyzVdO21nUO7/N07yVMV/l8BRlEIFdfUi6eCv8cQF2cOTtc9NAqPPy3Og==
  dependencies:
    "@microsoft/applicationinsights-common" "2.5.11"
    "@microsoft/applicationinsights-core-js" "2.5.11"
    "@microsoft/applicationinsights-shims" "1.0.3"
    "@microsoft/dynamicproto-js" "^1.1.0"

"@microsoft/applicationinsights-common@2.5.11":
  version "2.5.11"
  resolved "https://registry.yarnpkg.com/@microsoft/applicationinsights-common/-/applicationinsights-common-2.5.11.tgz#32c4bfc360b1d3178ebdbc62efc60a47d9ae67bc"
  integrity sha512-laiJ5BeEqOiFltW32JyVHndny4R4QUcgCdl675A+t9YCsVl6y8DUxvSMT9W3AgYFLVGmrIyYSJLL0xnOT97xhg==
  dependencies:
    "@microsoft/applicationinsights-core-js" "2.5.11"
    "@microsoft/applicationinsights-shims" "1.0.3"

"@microsoft/applicationinsights-core-js@2.5.11":
  version "2.5.11"
  resolved "https://registry.yarnpkg.com/@microsoft/applicationinsights-core-js/-/applicationinsights-core-js-2.5.11.tgz#36d1a623df13ee9d744921dd3fbdead07c6e2e38"
  integrity sha512-Httm8NiFnb+gwBvMy+RcI1v9M8qu8JqIn6Wht7QnhPwaVBvwYCFLrIfoT0LOjwAGGASmFHueHMSnbboYWmiZjw==
  dependencies:
    "@microsoft/applicationinsights-shims" "1.0.3"
    "@microsoft/dynamicproto-js" "^1.1.0"

"@microsoft/applicationinsights-dependencies-js@2.5.11":
  version "2.5.11"
  resolved "https://registry.yarnpkg.com/@microsoft/applicationinsights-dependencies-js/-/applicationinsights-dependencies-js-2.5.11.tgz#d8a20de24651529213d460a09f213507cde3a8df"
  integrity sha512-vye01TID4kpW6MbZIeAUzvNygauJvCu+0TcpwtKVeAoVBKIfnT1cPrI62ynB9e7AbNzm0AJ/Ax+iR0Y6POhEQQ==
  dependencies:
    "@microsoft/applicationinsights-common" "2.5.11"
    "@microsoft/applicationinsights-core-js" "2.5.11"
    "@microsoft/applicationinsights-shims" "1.0.3"
    "@microsoft/dynamicproto-js" "^1.1.0"

"@microsoft/applicationinsights-properties-js@2.5.11":
  version "2.5.11"
  resolved "https://registry.yarnpkg.com/@microsoft/applicationinsights-properties-js/-/applicationinsights-properties-js-2.5.11.tgz#e2a7554d8a43fad3afad37054dbf71976ee1f18e"
  integrity sha512-3RPunopAvfW4BC/yRIwkGDYwvn1aHn8f4TUzkdEnaeRzaGkU++ag5mPi9AhUC0l2gSUA8ex+TLwFJ8cgcDz5Xg==
  dependencies:
    "@microsoft/applicationinsights-common" "2.5.11"
    "@microsoft/applicationinsights-core-js" "2.5.11"
    "@microsoft/applicationinsights-shims" "1.0.3"

"@microsoft/applicationinsights-shims@1.0.3":
  version "1.0.3"
  resolved "https://registry.yarnpkg.com/@microsoft/applicationinsights-shims/-/applicationinsights-shims-1.0.3.tgz#9f1d16bab0430f25cc17611c537756cf4dfd3833"
  integrity sha512-+S17aqEkOYpyBpmclhgwcEplwnxSo5AxYBdRg38GBobI1GKPSpZfnLssLzcjJ6XZCS5tqB5xjyTZs6gHj7ZJWQ==

"@microsoft/applicationinsights-web@^2.5.11":
  version "2.5.11"
  resolved "https://registry.yarnpkg.com/@microsoft/applicationinsights-web/-/applicationinsights-web-2.5.11.tgz#c9abccc5f372ee4d7221f06c0906aeadb4afec41"
  integrity sha512-epwFbaMzibFN12YVRDlt6sBoz9fhjk9CI8y13oGH3B3sKM4mOhdrBRMh7YRhjzVz+3ygFTq9rS9IRu2Ozj7a7A==
  dependencies:
    "@microsoft/applicationinsights-analytics-js" "2.5.11"
    "@microsoft/applicationinsights-channel-js" "2.5.11"
    "@microsoft/applicationinsights-common" "2.5.11"
    "@microsoft/applicationinsights-core-js" "2.5.11"
    "@microsoft/applicationinsights-dependencies-js" "2.5.11"
    "@microsoft/applicationinsights-properties-js" "2.5.11"
    "@microsoft/applicationinsights-shims" "1.0.3"
    "@microsoft/dynamicproto-js" "^1.1.0"

"@microsoft/dynamicproto-js@^1.1.0":
  version "1.1.0"
  resolved "https://registry.yarnpkg.com/@microsoft/dynamicproto-js/-/dynamicproto-js-1.1.0.tgz#b6a81f4acc655ffd8f37feeb92e73a07e2b39622"
  integrity sha512-pjcr+A6wTQHl/S4b5zQzeDMC6+9ekojCFHQAEYI4a8u9ZjWwbg4jmtO22CWEuRWWN/lBMjay9FKanlODWk5wqQ==
